// !$*UTF8*$!
{
	archiveVersion = 1;
	classes = {
	};
	objectVersion = 46;
	objects = {

/* Begin PBXBuildFile section */
		37EE392C14A38FC300D8022D /* TableViewController.m in Sources */ = {isa = PBXBuildFile; fileRef = 37EE392B14A38FC300D8022D /* TableViewController.m */; };
		37EE393014A3909500D8022D /* DetailViewController.m in Sources */ = {isa = PBXBuildFile; fileRef = 37EE392E14A3909500D8022D /* DetailViewController.m */; };
		37EE393114A3909500D8022D /* DetailViewController.xib in Resources */ = {isa = PBXBuildFile; fileRef = 37EE392F14A3909500D8022D /* DetailViewController.xib */; };
		37FD1A4F14A3539F00DD218A /* UIKit.framework in Frameworks */ = {isa = PBXBuildFile; fileRef = 37FD1A4E14A3539F00DD218A /* UIKit.framework */; };
		37FD1A5114A3539F00DD218A /* Foundation.framework in Frameworks */ = {isa = PBXBuildFile; fileRef = 37FD1A5014A3539F00DD218A /* Foundation.framework */; };
		37FD1A5314A3539F00DD218A /* CoreGraphics.framework in Frameworks */ = {isa = PBXBuildFile; fileRef = 37FD1A5214A3539F00DD218A /* CoreGraphics.framework */; };
		37FD1A5514A3539F00DD218A /* CoreData.framework in Frameworks */ = {isa = PBXBuildFile; fileRef = 37FD1A5414A3539F00DD218A /* CoreData.framework */; };
		37FD1A5B14A3539F00DD218A /* InfoPlist.strings in Resources */ = {isa = PBXBuildFile; fileRef = 37FD1A5914A3539F00DD218A /* InfoPlist.strings */; };
		37FD1A5D14A3539F00DD218A /* main.m in Sources */ = {isa = PBXBuildFile; fileRef = 37FD1A5C14A3539F00DD218A /* main.m */; };
		37FD1A6114A3539F00DD218A /* AppDelegate.m in Sources */ = {isa = PBXBuildFile; fileRef = 37FD1A6014A3539F00DD218A /* AppDelegate.m */; };
		37FD1A6414A3539F00DD218A /* CoreDataTutorial.xcdatamodeld in Sources */ = {isa = PBXBuildFile; fileRef = 37FD1A6214A3539F00DD218A /* CoreDataTutorial.xcdatamodeld */; };
		37FD1A6C14A3543200DD218A /* Phone.m in Sources */ = {isa = PBXBuildFile; fileRef = 37FD1A6B14A3543200DD218A /* Phone.m */; };
/* End PBXBuildFile section */

/* Begin PBXFileReference section */
		37EE392A14A38FC300D8022D /* TableViewController.h */ = {isa = PBXFileReference; fileEncoding = 4; lastKnownFileType = sourcecode.c.h; path = TableViewController.h; sourceTree = "<group>"; };
		37EE392B14A38FC300D8022D /* TableViewController.m */ = {isa = PBXFileReference; fileEncoding = 4; lastKnownFileType = sourcecode.c.objc; path = TableViewController.m; sourceTree = "<group>"; };
		37EE392D14A3909500D8022D /* DetailViewController.h */ = {isa = PBXFileReference; fileEncoding = 4; lastKnownFileType = sourcecode.c.h; path = DetailViewController.h; sourceTree = "<group>"; };
		37EE392E14A3909500D8022D /* DetailViewController.m */ = {isa = PBXFileReference; fileEncoding = 4; lastKnownFileType = sourcecode.c.objc; path = DetailViewController.m; sourceTree = "<group>"; };
		37EE392F14A3909500D8022D /* DetailViewController.xib */ = {isa = PBXFileReference; fileEncoding = 4; lastKnownFileType = file.xib; path = DetailViewController.xib; sourceTree = "<group>"; };
		37FD1A4A14A3539F00DD218A /* CoreDataTutorial.app */ = {isa = PBXFileReference; explicitFileType = wrapper.application; includeInIndex = 0; path = CoreDataTutorial.app; sourceTree = BUILT_PRODUCTS_DIR; };
		37FD1A4E14A3539F00DD218A /* UIKit.framework */ = {isa = PBXFileReference; lastKnownFileType = wrapper.framework; name = UIKit.framework; path = System/Library/Frameworks/UIKit.framework; sourceTree = SDKROOT; };
		37FD1A5014A3539F00DD218A /* Foundation.framework */ = {isa = PBXFileReference; lastKnownFileType = wrapper.framework; name = Foundation.framework; path = System/Library/Frameworks/Foundation.framework; sourceTree = SDKROOT; };
		37FD1A5214A3539F00DD218A /* CoreGraphics.framework */ = {isa = PBXFileReference; lastKnownFileType = wrapper.framework; name = CoreGraphics.framework; path = System/Library/Frameworks/CoreGraphics.framework; sourceTree = SDKROOT; };
		37FD1A5414A3539F00DD218A /* CoreData.framework */ = {isa = PBXFileReference; lastKnownFileType = wrapper.framework; name = CoreData.framework; path = System/Library/Frameworks/CoreData.framework; sourceTree = SDKROOT; };
		37FD1A5814A3539F00DD218A /* CoreDataTutorial-Info.plist */ = {isa = PBXFileReference; lastKnownFileType = text.plist.xml; path = "CoreDataTutorial-Info.plist"; sourceTree = "<group>"; };
		37FD1A5A14A3539F00DD218A /* en */ = {isa = PBXFileReference; lastKnownFileType = text.plist.strings; name = en; path = en.lproj/InfoPlist.strings; sourceTree = "<group>"; };
		37FD1A5C14A3539F00DD218A /* main.m */ = {isa = PBXFileReference; lastKnownFileType = sourcecode.c.objc; path = main.m; sourceTree = "<group>"; };
		37FD1A5E14A3539F00DD218A /* CoreDataTutorial-Prefix.pch */ = {isa = PBXFileReference; lastKnownFileType = sourcecode.c.h; path = "CoreDataTutorial-Prefix.pch"; sourceTree = "<group>"; };
		37FD1A5F14A3539F00DD218A /* AppDelegate.h */ = {isa = PBXFileReference; lastKnownFileType = sourcecode.c.h; path = AppDelegate.h; sourceTree = "<group>"; };
		37FD1A6014A3539F00DD218A /* AppDelegate.m */ = {isa = PBXFileReference; lastKnownFileType = sourcecode.c.objc; path = AppDelegate.m; sourceTree = "<group>"; };
		37FD1A6314A3539F00DD218A /* CoreDataTutorial.xcdatamodel */ = {isa = PBXFileReference; lastKnownFileType = wrapper.xcdatamodel; path = CoreDataTutorial.xcdatamodel; sourceTree = "<group>"; };
		37FD1A6A14A3543200DD218A /* Phone.h */ = {isa = PBXFileReference; fileEncoding = 4; lastKnownFileType = sourcecode.c.h; path = Phone.h; sourceTree = "<group>"; };
		37FD1A6B14A3543200DD218A /* Phone.m */ = {isa = PBXFileReference; fileEncoding = 4; lastKnownFileType = sourcecode.c.objc; path = Phone.m; sourceTree = "<group>"; };
/* End PBXFileReference section */

/* Begin PBXFrameworksBuildPhase section */
		37FD1A4714A3539F00DD218A /* Frameworks */ = {
			isa = PBXFrameworksBuildPhase;
			buildActionMask = 2147483647;
			files = (
				37FD1A4F14A3539F00DD218A /* UIKit.framework in Frameworks */,
				37FD1A5114A3539F00DD218A /* Foundation.framework in Frameworks */,
				37FD1A5314A3539F00DD218A /* CoreGraphics.framework in Frameworks */,
				37FD1A5514A3539F00DD218A /* CoreData.framework in Frameworks */,
			);
			runOnlyForDeploymentPostprocessing = 0;
		};
/* End PBXFrameworksBuildPhase section */

/* Begin PBXGroup section */
		37FD1A3F14A3539F00DD218A = {
			isa = PBXGroup;
			children = (
				37FD1A5614A3539F00DD218A /* CoreDataTutorial */,
				37FD1A4D14A3539F00DD218A /* Frameworks */,
				37FD1A4B14A3539F00DD218A /* Products */,
			);
			sourceTree = "<group>";
		};
		37FD1A4B14A3539F00DD218A /* Products */ = {
			isa = PBXGroup;
			children = (
				37FD1A4A14A3539F00DD218A /* CoreDataTutorial.app */,
			);
			name = Products;
			sourceTree = "<group>";
		};
		37FD1A4D14A3539F00DD218A /* Frameworks */ = {
			isa = PBXGroup;
			children = (
				37FD1A4E14A3539F00DD218A /* UIKit.framework */,
				37FD1A5014A3539F00DD218A /* Foundation.framework */,
				37FD1A5214A3539F00DD218A /* CoreGraphics.framework */,
				37FD1A5414A3539F00DD218A /* CoreData.framework */,
			);
			name = Frameworks;
			sourceTree = "<group>";
		};
		37FD1A5614A3539F00DD218A /* CoreDataTutorial */ = {
			isa = PBXGroup;
			children = (
				37FD1A5F14A3539F00DD218A /* AppDelegate.h */,
				37FD1A6014A3539F00DD218A /* AppDelegate.m */,
				37EE392A14A38FC300D8022D /* TableViewController.h */,
				37EE392B14A38FC300D8022D /* TableViewController.m */,
				37EE392D14A3909500D8022D /* DetailViewController.h */,
				37EE392E14A3909500D8022D /* DetailViewController.m */,
				37EE392F14A3909500D8022D /* DetailViewController.xib */,
				37FD1A6214A3539F00DD218A /* CoreDataTutorial.xcdatamodeld */,
				37FD1A6A14A3543200DD218A /* Phone.h */,
				37FD1A6B14A3543200DD218A /* Phone.m */,
				37FD1A5714A3539F00DD218A /* Supporting Files */,
			);
			path = CoreDataTutorial;
			sourceTree = "<group>";
		};
		37FD1A5714A3539F00DD218A /* Supporting Files */ = {
			isa = PBXGroup;
			children = (
				37FD1A5814A3539F00DD218A /* CoreDataTutorial-Info.plist */,
				37FD1A5914A3539F00DD218A /* InfoPlist.strings */,
				37FD1A5C14A3539F00DD218A /* main.m */,
				37FD1A5E14A3539F00DD218A /* CoreDataTutorial-Prefix.pch */,
			);
			name = "Supporting Files";
			sourceTree = "<group>";
		};
/* End PBXGroup section */

/* Begin PBXNativeTarget section */
		37FD1A4914A3539F00DD218A /* CoreDataTutorial */ = {
			isa = PBXNativeTarget;
			buildConfigurationList = 37FD1A6714A3539F00DD218A /* Build configuration list for PBXNativeTarget "CoreDataTutorial" */;
			buildPhases = (
				37FD1A4614A3539F00DD218A /* Sources */,
				37FD1A4714A3539F00DD218A /* Frameworks */,
				37FD1A4814A3539F00DD218A /* Resources */,
			);
			buildRules = (
			);
			dependencies = (
			);
			name = CoreDataTutorial;
			productName = CoreDataTutorial;
			productReference = 37FD1A4A14A3539F00DD218A /* CoreDataTutorial.app */;
			productType = "com.apple.product-type.application";
		};
/* End PBXNativeTarget section */

/* Begin PBXProject section */
		37FD1A4114A3539F00DD218A /* Project object */ = {
			isa = PBXProject;
			attributes = {
				LastUpgradeCheck = 0420;
			};
			buildConfigurationList = 37FD1A4414A3539F00DD218A /* Build configuration list for PBXProject "CoreDataTutorial" */;
			compatibilityVersion = "Xcode 3.2";
			developmentRegion = English;
			hasScannedForEncodings = 0;
			knownRegions = (
				en,
			);
			mainGroup = 37FD1A3F14A3539F00DD218A;
			productRefGroup = 37FD1A4B14A3539F00DD218A /* Products */;
			projectDirPath = "";
			projectRoot = "";
			targets = (
				37FD1A4914A3539F00DD218A /* CoreDataTutorial */,
			);
		};
/* End PBXProject section */

/* Begin PBXResourcesBuildPhase section */
		37FD1A4814A3539F00DD218A /* Resources */ = {
			isa = PBXResourcesBuildPhase;
			buildActionMask = 2147483647;
			files = (
				37FD1A5B14A3539F00DD218A /* InfoPlist.strings in Resources */,
				37EE393114A3909500D8022D /* DetailViewController.xib in Resources */,
			);
			runOnlyForDeploymentPostprocessing = 0;
		};
/* End PBXResourcesBuildPhase section */

/* Begin PBXSourcesBuildPhase section */
		37FD1A4614A3539F00DD218A /* Sources */ = {
			isa = PBXSourcesBuildPhase;
			buildActionMask = 2147483647;
			files = (
				37FD1A5D14A3539F00DD218A /* main.m in Sources */,
				37FD1A6114A3539F00DD218A /* AppDelegate.m in Sources */,
				37FD1A6414A3539F00DD218A /* CoreDataTutorial.xcdatamodeld in Sources */,
				37FD1A6C14A3543200DD218A /* Phone.m in Sources */,
				37EE392C14A38FC300D8022D /* TableViewController.m in Sources */,
				37EE393014A3909500D8022D /* DetailViewController.m in Sources */,
			);
			runOnlyForDeploymentPostprocessing = 0;
		};
/* End PBXSourcesBuildPhase section */

/* Begin PBXVariantGroup section */
		37FD1A5914A3539F00DD218A /* InfoPlist.strings */ = {
			isa = PBXVariantGroup;
			children = (
				37FD1A5A14A3539F00DD218A /* en */,
			);
			name = InfoPlist.strings;
			sourceTree = "<group>";
		};
/* End PBXVariantGroup section */

/* Begin XCBuildConfiguration section */
		37FD1A6514A3539F00DD218A /* Debug */ = {
			isa = XCBuildConfiguration;
			buildSettings = {
				ALWAYS_SEARCH_USER_PATHS = NO;
				ARCHS = "$(ARCHS_STANDARD_32_BIT)";
				CLANG_ENABLE_OBJC_ARC = YES;
				"CODE_SIGN_IDENTITY[sdk=iphoneos*]" = "iPhone Developer";
				COPY_PHASE_STRIP = NO;
				GCC_C_LANGUAGE_STANDARD = gnu99;
				GCC_DYNAMIC_NO_PIC = NO;
				GCC_OPTIMIZATION_LEVEL = 0;
				GCC_PREPROCESSOR_DEFINITIONS = (
					"DEBUG=1",
					"$(inherited)",
				);
				GCC_SYMBOLS_PRIVATE_EXTERN = NO;
				GCC_VERSION = com.apple.compilers.llvm.clang.1_0;
				GCC_WARN_ABOUT_MISSING_PROTOTYPES = YES;
				GCC_WARN_ABOUT_RETURN_TYPE = YES;
				GCC_WARN_UNUSED_VARIABLE = YES;
				IPHONEOS_DEPLOYMENT_TARGET = 5.0;
				SDKROOT = iphoneos;
			};
			name = Debug;
		};
		37FD1A6614A3539F00DD218A /* Release */ = {
			isa = XCBuildConfiguration;
			buildSettings = {
				ALWAYS_SEARCH_USER_PATHS = NO;
				ARCHS = "$(ARCHS_STANDARD_32_BIT)";
				CLANG_ENABLE_OBJC_ARC = YES;
				"CODE_SIGN_IDENTITY[sdk=iphoneos*]" = "iPhone Developer";
				COPY_PHASE_STRIP = YES;
				GCC_C_LANGUAGE_STANDARD = gnu99;
				GCC_VERSION = com.apple.compilers.llvm.clang.1_0;
				GCC_WARN_ABOUT_MISSING_PROTOTYPES = YES;
				GCC_WARN_ABOUT_RETURN_TYPE = YES;
				GCC_WARN_UNUSED_VARIABLE = YES;
				IPHONEOS_DEPLOYMENT_TARGET = 5.0;
				OTHER_CFLAGS = "-DNS_BLOCK_ASSERTIONS=1";
				SDKROOT = iphoneos;
				VALIDATE_PRODUCT = YES;
			};
			name = Release;
		};
		37FD1A6814A3539F00DD218A /* Debug */ = {
			isa = XCBuildConfiguration;
			buildSettings = {
				GCC_PRECOMPILE_PREFIX_HEADER = YES;
				GCC_PREFIX_HEADER = "CoreDataTutorial/CoreDataTutorial-Prefix.pch";
				INFOPLIST_FILE = "CoreDataTutorial/CoreDataTutorial-Info.plist";
				PRODUCT_NAME = "$(TARGET_NAME)";
				WRAPPER_EXTENSION = app;
			};
			name = Debug;
		};
		37FD1A6914A3539F00DD218A /* Release */ = {
			isa = XCBuildConfiguration;
			buildSettings = {
				GCC_PRECOMPILE_PREFIX_HEADER = YES;
				GCC_PREFIX_HEADER = "CoreDataTutorial/CoreDataTutorial-Prefix.pch";
				INFOPLIST_FILE = "CoreDataTutorial/CoreDataTutorial-Info.plist";
				PRODUCT_NAME = "$(TARGET_NAME)";
				WRAPPER_EXTENSION = app;
			};
			name = Release;
		};
/* End XCBuildConfiguration section */

/* Begin XCConfigurationList section */
		37FD1A4414A3539F00DD218A /* Build configuration list for PBXProject "CoreDataTutorial" */ = {
			isa = XCConfigurationList;
			buildConfigurations = (
				37FD1A6514A3539F00DD218A /* Debug */,
				37FD1A6614A3539F00DD218A /* Release */,
			);
			defaultConfigurationIsVisible = 0;
			defaultConfigurationName = Release;
		};
		37FD1A6714A3539F00DD218A /* Build configuration list for PBXNativeTarget "CoreDataTutorial" */ = {
			isa = XCConfigurationList;
			buildConfigurations = (
				37FD1A6814A3539F00DD218A /* Debug */,
				37FD1A6914A3539F00DD218A /* Release */,
			);
			defaultConfigurationIsVisible = 0;
			defaultConfigurationName = Release;
		};
/* End XCConfigurationList section */

/* Begin XCVersionGroup section */
		37FD1A6214A3539F00DD218A /* CoreDataTutorial.xcdatamodeld */ = {
			isa = XCVersionGroup;
			children = (
				37FD1A6314A3539F00DD218A /* CoreDataTutorial.xcdatamodel */,
			);
			currentVersion = 37FD1A6314A3539F00DD218A /* CoreDataTutorial.xcdatamodel */;
			path = CoreDataTutorial.xcdatamodeld;
			sourceTree = "<group>";
			versionGroupType = wrapper.xcdatamodel;
		};
/* End XCVersionGroup section */
	};
	rootObject = 37FD1A4114A3539F00DD218A /* Project object */;
}
